
Microsoft Visual Studio Solution File, Format Version 11.00
# Visual Studio 2010
Project("{FAE04EC0-301F-11D3-BF4B-00C04F79EFBC}") = "WebSearcherFinal", "WebSearcher\WebSearcherFinal.csproj", "{99552422-4BE1-47FB-8101-16B21786C27D}"
EndProject
Global
	GlobalSection(SolutionConfigurationPlatforms) = preSolution
		Debug|x86 = Debug|x86
		Release|x86 = Release|x86
	EndGlobalSection
	GlobalSection(ProjectConfigurationPlatforms) = postSolution
		{99552422-4BE1-47FB-8101-16B21786C27D}.Debug|x86.ActiveCfg = Debug|x86
		{99552422-4BE1-47FB-8101-16B21786C27D}.Debug|x86.Build.0 = Debug|x86
		{99552422-4BE1-47FB-8101-16B21786C27D}.Release|x86.ActiveCfg = Release|x86
		{99552422-4BE1-47FB-8101-16B21786C27D}.Release|x86.Build.0 = Release|x86
	EndGlobalSection
	GlobalSection(SolutionProperties) = preSolution
		HideSolutionNode = FALSE
	EndGlobalSection
EndGlobal
